
Microsoft Visual Studio Solution File, Format Version 12.00
# Visual Studio Version 17
VisualStudioVersion = 17.6.33723.286
MinimumVisualStudioVersion = 10.0.40219.1
Project("{8BC9CEB8-8B4A-11D0-8D11-00A0C91BC942}") = "Source", "Code\Kursed.vcxproj", "{D52E5E73-B8A8-4992-8347-41ABE83D4991}"
EndProject
Global
	GlobalSection(SolutionConfigurationPlatforms) = preSolution
		Release|x64 = Release|x64
	EndGlobalSection
	GlobalSection(ProjectConfigurationPlatforms) = postSolution
		{D52E5E73-B8A8-4992-8347-41ABE83D4991}.Release|x64.ActiveCfg = Release|x64
		{D52E5E73-B8A8-4992-8347-41ABE83D4991}.Release|x64.Build.0 = Release|x64
	EndGlobalSection
	GlobalSection(SolutionProperties) = preSolution
		HideSolutionNode = FALSE
	EndGlobalSection
	GlobalSection(ExtensibilityGlobals) = postSolution
		SolutionGuid = {28F10C28-7AE3-47C6-B7BB-58587F21984A}
	EndGlobalSection
EndGlobal
